
Microsoft Visual Studio Solution File, Format Version 12.00
# Visual Studio Version 17
VisualStudioVersion = 17.4.33205.214
MinimumVisualStudioVersion = 10.0.40219.1
Project("{888888A0-9F3D-457C-B088-3A5042F75D52}") = "HomeworkPython_3", "HomeworkPython_3.pyproj", "{8EB5B0F4-6B56-462A-8273-D99A97B160E0}"
EndProject
Global
	GlobalSection(SolutionConfigurationPlatforms) = preSolution
		Debug|Any CPU = Debug|Any CPU
		Release|Any CPU = Release|Any CPU
	EndGlobalSection
	GlobalSection(ProjectConfigurationPlatforms) = postSolution
		{8EB5B0F4-6B56-462A-8273-D99A97B160E0}.Debug|Any CPU.ActiveCfg = Debug|Any CPU
		{8EB5B0F4-6B56-462A-8273-D99A97B160E0}.Release|Any CPU.ActiveCfg = Release|Any CPU
	EndGlobalSection
	GlobalSection(SolutionProperties) = preSolution
		HideSolutionNode = FALSE
	EndGlobalSection
	GlobalSection(ExtensibilityGlobals) = postSolution
		SolutionGuid = {1799BEDA-AC4A-4CB1-A48E-9BCE137FCE9C}
	EndGlobalSection
EndGlobal
